
Microsoft Visual Studio Solution File, Format Version 12.00
# Visual Studio Version 17
VisualStudioVersion = 17.13.35825.156 d17.13
MinimumVisualStudioVersion = 10.0.40219.1
Project("{FAE04EC0-301F-11D3-BF4B-00C04F79EFBC}") = "LeaveManagementSystem1.Web", "LeaveManagementSystem1.Web\LeaveManagementSystem1.Web.csproj", "{CEC76751-7467-4B63-B1A1-56FA50112E23}"
EndProject
Global
	GlobalSection(SolutionConfigurationPlatforms) = preSolution
		Debug|Any CPU = Debug|Any CPU
		Release|Any CPU = Release|Any CPU
	EndGlobalSection
	GlobalSection(ProjectConfigurationPlatforms) = postSolution
		{CEC76751-7467-4B63-B1A1-56FA50112E23}.Debug|Any CPU.ActiveCfg = Debug|Any CPU
		{CEC76751-7467-4B63-B1A1-56FA50112E23}.Debug|Any CPU.Build.0 = Debug|Any CPU
		{CEC76751-7467-4B63-B1A1-56FA50112E23}.Release|Any CPU.ActiveCfg = Release|Any CPU
		{CEC76751-7467-4B63-B1A1-56FA50112E23}.Release|Any CPU.Build.0 = Release|Any CPU
	EndGlobalSection
	GlobalSection(SolutionProperties) = preSolution
		HideSolutionNode = FALSE
	EndGlobalSection
	GlobalSection(ExtensibilityGlobals) = postSolution
		SolutionGuid = {C5CAA70A-C3BB-4C8E-BC7D-FF154B3067B8}
	EndGlobalSection
EndGlobal
